// !$*UTF8*$!
{
	archiveVersion = 1;
	classes = {
	};
	objectVersion = 50;
	objects = {

/* Begin PBXBuildFile section */
		447BAC00228ECDD9008D8988 /* Node.swift in Sources */ = {isa = PBXBuildFile; fileRef = 447BABFF228ECDD9008D8988 /* Node.swift */; };
		447BAC02228ECE71008D8988 /* StaticDB.swift in Sources */ = {isa = PBXBuildFile; fileRef = 447BAC01228ECE71008D8988 /* StaticDB.swift */; };
		447BAC04228EE56B008D8988 /* Storage.swift in Sources */ = {isa = PBXBuildFile; fileRef = 447BAC03228EE56B008D8988 /* Storage.swift */; };
		44CBCB6D228DDAEB00F691DC /* AppDelegate.swift in Sources */ = {isa = PBXBuildFile; fileRef = 44CBCB6C228DDAEB00F691DC /* AppDelegate.swift */; };
		44CBCB6F228DDAEB00F691DC /* ViewController.swift in Sources */ = {isa = PBXBuildFile; fileRef = 44CBCB6E228DDAEB00F691DC /* ViewController.swift */; };
		44CBCB72228DDAEB00F691DC /* Main.storyboard in Resources */ = {isa = PBXBuildFile; fileRef = 44CBCB70228DDAEB00F691DC /* Main.storyboard */; };
		44CBCB74228DDAEE00F691DC /* Assets.xcassets in Resources */ = {isa = PBXBuildFile; fileRef = 44CBCB73228DDAEE00F691DC /* Assets.xcassets */; };
		44CBCB77228DDAEE00F691DC /* LaunchScreen.storyboard in Resources */ = {isa = PBXBuildFile; fileRef = 44CBCB75228DDAEE00F691DC /* LaunchScreen.storyboard */; };
		AA45C5C799E96905E085F3E5 /* Pods_Logos.framework in Frameworks */ = {isa = PBXBuildFile; fileRef = A5D03E7BBD41490E1B57DDF0 /* Pods_Logos.framework */; };
/* End PBXBuildFile section */

/* Begin PBXFileReference section */
		2FAA0D2C8DE51ED4379FE482 /* Pods-Logos.release.xcconfig */ = {isa = PBXFileReference; includeInIndex = 1; lastKnownFileType = text.xcconfig; name = "Pods-Logos.release.xcconfig"; path = "Target Support Files/Pods-Logos/Pods-Logos.release.xcconfig"; sourceTree = "<group>"; };
		447BABFF228ECDD9008D8988 /* Node.swift */ = {isa = PBXFileReference; lastKnownFileType = sourcecode.swift; path = Node.swift; sourceTree = "<group>"; };
		447BAC01228ECE71008D8988 /* StaticDB.swift */ = {isa = PBXFileReference; lastKnownFileType = sourcecode.swift; path = StaticDB.swift; sourceTree = "<group>"; };
		447BAC03228EE56B008D8988 /* Storage.swift */ = {isa = PBXFileReference; lastKnownFileType = sourcecode.swift; path = Storage.swift; sourceTree = "<group>"; };
		44CBCB69228DDAEB00F691DC /* Logos.app */ = {isa = PBXFileReference; explicitFileType = wrapper.application; includeInIndex = 0; path = Logos.app; sourceTree = BUILT_PRODUCTS_DIR; };
		44CBCB6C228DDAEB00F691DC /* AppDelegate.swift */ = {isa = PBXFileReference; lastKnownFileType = sourcecode.swift; path = AppDelegate.swift; sourceTree = "<group>"; };
		44CBCB6E228DDAEB00F691DC /* ViewController.swift */ = {isa = PBXFileReference; lastKnownFileType = sourcecode.swift; path = ViewController.swift; sourceTree = "<group>"; };
		44CBCB71228DDAEB00F691DC /* Base */ = {isa = PBXFileReference; lastKnownFileType = file.storyboard; name = Base; path = Base.lproj/Main.storyboard; sourceTree = "<group>"; };
		44CBCB73228DDAEE00F691DC /* Assets.xcassets */ = {isa = PBXFileReference; lastKnownFileType = folder.assetcatalog; path = Assets.xcassets; sourceTree = "<group>"; };
		44CBCB76228DDAEE00F691DC /* Base */ = {isa = PBXFileReference; lastKnownFileType = file.storyboard; name = Base; path = Base.lproj/LaunchScreen.storyboard; sourceTree = "<group>"; };
		44CBCB78228DDAEE00F691DC /* Info.plist */ = {isa = PBXFileReference; lastKnownFileType = text.plist.xml; path = Info.plist; sourceTree = "<group>"; };
		7C90C6E3313FC55387D6E779 /* Pods-Logos.debug.xcconfig */ = {isa = PBXFileReference; includeInIndex = 1; lastKnownFileType = text.xcconfig; name = "Pods-Logos.debug.xcconfig"; path = "Target Support Files/Pods-Logos/Pods-Logos.debug.xcconfig"; sourceTree = "<group>"; };
		A5D03E7BBD41490E1B57DDF0 /* Pods_Logos.framework */ = {isa = PBXFileReference; explicitFileType = wrapper.framework; includeInIndex = 0; path = Pods_Logos.framework; sourceTree = BUILT_PRODUCTS_DIR; };
/* End PBXFileReference section */

/* Begin PBXFrameworksBuildPhase section */
		44CBCB66228DDAEB00F691DC /* Frameworks */ = {
			isa = PBXFrameworksBuildPhase;
			buildActionMask = 2147483647;
			files = (
				AA45C5C799E96905E085F3E5 /* Pods_Logos.framework in Frameworks */,
			);
			runOnlyForDeploymentPostprocessing = 0;
		};
/* End PBXFrameworksBuildPhase section */

/* Begin PBXGroup section */
		3E7EB10D71384379D398ACCF /* Pods */ = {
			isa = PBXGroup;
			children = (
				7C90C6E3313FC55387D6E779 /* Pods-Logos.debug.xcconfig */,
				2FAA0D2C8DE51ED4379FE482 /* Pods-Logos.release.xcconfig */,
			);
			path = Pods;
			sourceTree = "<group>";
		};
		447BABF8228EC1BF008D8988 /* Controllers */ = {
			isa = PBXGroup;
			children = (
				44CBCB6E228DDAEB00F691DC /* ViewController.swift */,
			);
			path = Controllers;
			sourceTree = "<group>";
		};
		447BABF9228EC1DB008D8988 /* Extentions */ = {
			isa = PBXGroup;
			children = (
			);
			path = Extentions;
			sourceTree = "<group>";
		};
		447BABFA228EC1EF008D8988 /* Models */ = {
			isa = PBXGroup;
			children = (
				447BABFF228ECDD9008D8988 /* Node.swift */,
				447BAC03228EE56B008D8988 /* Storage.swift */,
				447BAC01228ECE71008D8988 /* StaticDB.swift */,
			);
			path = Models;
			sourceTree = "<group>";
		};
		447BABFB228EC206008D8988 /* Resources */ = {
			isa = PBXGroup;
			children = (
				44CBCB73228DDAEE00F691DC /* Assets.xcassets */,
			);
			path = Resources;
			sourceTree = "<group>";
		};
		447BABFC228EC210008D8988 /* StoryBoards */ = {
			isa = PBXGroup;
			children = (
				44CBCB70228DDAEB00F691DC /* Main.storyboard */,
				44CBCB75228DDAEE00F691DC /* LaunchScreen.storyboard */,
			);
			path = StoryBoards;
			sourceTree = "<group>";
		};
		447BABFD228EC21F008D8988 /* Utilities */ = {
			isa = PBXGroup;
			children = (
			);
			path = Utilities;
			sourceTree = "<group>";
		};
		447BABFE228EC22F008D8988 /* Views */ = {
			isa = PBXGroup;
			children = (
			);
			path = Views;
			sourceTree = "<group>";
		};
		44CBCB60228DDAEB00F691DC = {
			isa = PBXGroup;
			children = (
				44CBCB6B228DDAEB00F691DC /* Logos */,
				44CBCB6A228DDAEB00F691DC /* Products */,
				3E7EB10D71384379D398ACCF /* Pods */,
				DD6D8CE37678D71CF9822D40 /* Frameworks */,
			);
			sourceTree = "<group>";
		};
		44CBCB6A228DDAEB00F691DC /* Products */ = {
			isa = PBXGroup;
			children = (
				44CBCB69228DDAEB00F691DC /* Logos.app */,
			);
			name = Products;
			sourceTree = "<group>";
		};
		44CBCB6B228DDAEB00F691DC /* Logos */ = {
			isa = PBXGroup;
			children = (
				447BABF8228EC1BF008D8988 /* Controllers */,
				447BABF9228EC1DB008D8988 /* Extentions */,
				447BABFA228EC1EF008D8988 /* Models */,
				447BABFB228EC206008D8988 /* Resources */,
				447BABFC228EC210008D8988 /* StoryBoards */,
				447BABFD228EC21F008D8988 /* Utilities */,
				447BABFE228EC22F008D8988 /* Views */,
				44CBCB6C228DDAEB00F691DC /* AppDelegate.swift */,
				44CBCB78228DDAEE00F691DC /* Info.plist */,
			);
			path = Logos;
			sourceTree = "<group>";
		};
		DD6D8CE37678D71CF9822D40 /* Frameworks */ = {
			isa = PBXGroup;
			children = (
				A5D03E7BBD41490E1B57DDF0 /* Pods_Logos.framework */,
			);
			name = Frameworks;
			sourceTree = "<group>";
		};
/* End PBXGroup section */

/* Begin PBXNativeTarget section */
		44CBCB68228DDAEB00F691DC /* Logos */ = {
			isa = PBXNativeTarget;
			buildConfigurationList = 44CBCB7B228DDAEE00F691DC /* Build configuration list for PBXNativeTarget "Logos" */;
			buildPhases = (
				C3420D7855F55B2097DDEAD2 /* [CP] Check Pods Manifest.lock */,
				44CBCB65228DDAEB00F691DC /* Sources */,
				44CBCB66228DDAEB00F691DC /* Frameworks */,
				44CBCB67228DDAEB00F691DC /* Resources */,
			);
			buildRules = (
			);
			dependencies = (
			);
			name = Logos;
			productName = Logos;
			productReference = 44CBCB69228DDAEB00F691DC /* Logos.app */;
			productType = "com.apple.product-type.application";
		};
/* End PBXNativeTarget section */

/* Begin PBXProject section */
		44CBCB61228DDAEB00F691DC /* Project object */ = {
			isa = PBXProject;
			attributes = {
				LastSwiftUpdateCheck = 1020;
				LastUpgradeCheck = 1020;
				ORGANIZATIONNAME = GreenX;
				TargetAttributes = {
					44CBCB68228DDAEB00F691DC = {
						CreatedOnToolsVersion = 10.2.1;
					};
				};
			};
			buildConfigurationList = 44CBCB64228DDAEB00F691DC /* Build configuration list for PBXProject "Logos" */;
			compatibilityVersion = "Xcode 9.3";
			developmentRegion = en;
			hasScannedForEncodings = 0;
			knownRegions = (
				en,
				Base,
			);
			mainGroup = 44CBCB60228DDAEB00F691DC;
			productRefGroup = 44CBCB6A228DDAEB00F691DC /* Products */;
			projectDirPath = "";
			projectRoot = "";
			targets = (
				44CBCB68228DDAEB00F691DC /* Logos */,
			);
		};
/* End PBXProject section */

/* Begin PBXResourcesBuildPhase section */
		44CBCB67228DDAEB00F691DC /* Resources */ = {
			isa = PBXResourcesBuildPhase;
			buildActionMask = 2147483647;
			files = (
				44CBCB77228DDAEE00F691DC /* LaunchScreen.storyboard in Resources */,
				44CBCB74228DDAEE00F691DC /* Assets.xcassets in Resources */,
				44CBCB72228DDAEB00F691DC /* Main.storyboard in Resources */,
			);
			runOnlyForDeploymentPostprocessing = 0;
		};
/* End PBXResourcesBuildPhase section */

/* Begin PBXShellScriptBuildPhase section */
		C3420D7855F55B2097DDEAD2 /* [CP] Check Pods Manifest.lock */ = {
			isa = PBXShellScriptBuildPhase;
			buildActionMask = 2147483647;
			files = (
			);
			inputFileListPaths = (
			);
			inputPaths = (
				"${PODS_PODFILE_DIR_PATH}/Podfile.lock",
				"${PODS_ROOT}/Manifest.lock",
			);
			name = "[CP] Check Pods Manifest.lock";
			outputFileListPaths = (
			);
			outputPaths = (
				"$(DERIVED_FILE_DIR)/Pods-Logos-checkManifestLockResult.txt",
			);
			runOnlyForDeploymentPostprocessing = 0;
			shellPath = /bin/sh;
			shellScript = "diff \"${PODS_PODFILE_DIR_PATH}/Podfile.lock\" \"${PODS_ROOT}/Manifest.lock\" > /dev/null\nif [ $? != 0 ] ; then\n    # print error to STDERR\n    echo \"error: The sandbox is not in sync with the Podfile.lock. Run 'pod install' or update your CocoaPods installation.\" >&2\n    exit 1\nfi\n# This output is used by Xcode 'outputs' to avoid re-running this script phase.\necho \"SUCCESS\" > \"${SCRIPT_OUTPUT_FILE_0}\"\n";
			showEnvVarsInLog = 0;
		};
/* End PBXShellScriptBuildPhase section */

/* Begin PBXSourcesBuildPhase section */
		44CBCB65228DDAEB00F691DC /* Sources */ = {
			isa = PBXSourcesBuildPhase;
			buildActionMask = 2147483647;
			files = (
				447BAC00228ECDD9008D8988 /* Node.swift in Sources */,
				44CBCB6F228DDAEB00F691DC /* ViewController.swift in Sources */,
				44CBCB6D228DDAEB00F691DC /* AppDelegate.swift in Sources */,
				447BAC02228ECE71008D8988 /* StaticDB.swift in Sources */,
				447BAC04228EE56B008D8988 /* Storage.swift in Sources */,
			);
			runOnlyForDeploymentPostprocessing = 0;
		};
/* End PBXSourcesBuildPhase section */

/* Begin PBXVariantGroup section */
		44CBCB70228DDAEB00F691DC /* Main.storyboard */ = {
			isa = PBXVariantGroup;
			children = (
				44CBCB71228DDAEB00F691DC /* Base */,
			);
			name = Main.storyboard;
			sourceTree = "<group>";
		};
		44CBCB75228DDAEE00F691DC /* LaunchScreen.storyboard */ = {
			isa = PBXVariantGroup;
			children = (
				44CBCB76228DDAEE00F691DC /* Base */,
			);
			name = LaunchScreen.storyboard;
			sourceTree = "<group>";
		};
/* End PBXVariantGroup section */

/* Begin XCBuildConfiguration section */
		44CBCB79228DDAEE00F691DC /* Debug */ = {
			isa = XCBuildConfiguration;
			buildSettings = {
				ALWAYS_SEARCH_USER_PATHS = NO;
				CLANG_ANALYZER_NONNULL = YES;
				CLANG_ANALYZER_NUMBER_OBJECT_CONVERSION = YES_AGGRESSIVE;
				CLANG_CXX_LANGUAGE_STANDARD = "gnu++14";
				CLANG_CXX_LIBRARY = "libc++";
				CLANG_ENABLE_MODULES = YES;
				CLANG_ENABLE_OBJC_ARC = YES;
				CLANG_ENABLE_OBJC_WEAK = YES;
				CLANG_WARN_BLOCK_CAPTURE_AUTORELEASING = YES;
				CLANG_WARN_BOOL_CONVERSION = YES;
				CLANG_WARN_COMMA = YES;
				CLANG_WARN_CONSTANT_CONVERSION = YES;
				CLANG_WARN_DEPRECATED_OBJC_IMPLEMENTATIONS = YES;
				CLANG_WARN_DIRECT_OBJC_ISA_USAGE = YES_ERROR;
				CLANG_WARN_DOCUMENTATION_COMMENTS = YES;
				CLANG_WARN_EMPTY_BODY = YES;
				CLANG_WARN_ENUM_CONVERSION = YES;
				CLANG_WARN_INFINITE_RECURSION = YES;
				CLANG_WARN_INT_CONVERSION = YES;
				CLANG_WARN_NON_LITERAL_NULL_CONVERSION = YES;
				CLANG_WARN_OBJC_IMPLICIT_RETAIN_SELF = YES;
				CLANG_WARN_OBJC_LITERAL_CONVERSION = YES;
				CLANG_WARN_OBJC_ROOT_CLASS = YES_ERROR;
				CLANG_WARN_RANGE_LOOP_ANALYSIS = YES;
				CLANG_WARN_STRICT_PROTOTYPES = YES;
				CLANG_WARN_SUSPICIOUS_MOVE = YES;
				CLANG_WARN_UNGUARDED_AVAILABILITY = YES_AGGRESSIVE;
				CLANG_WARN_UNREACHABLE_CODE = YES;
				CLANG_WARN__DUPLICATE_METHOD_MATCH = YES;
				CODE_SIGN_IDENTITY = "iPhone Developer";
				COPY_PHASE_STRIP = NO;
				DEBUG_INFORMATION_FORMAT = dwarf;
				ENABLE_STRICT_OBJC_MSGSEND = YES;
				ENABLE_TESTABILITY = YES;
				GCC_C_LANGUAGE_STANDARD = gnu11;
				GCC_DYNAMIC_NO_PIC = NO;
				GCC_NO_COMMON_BLOCKS = YES;
				GCC_OPTIMIZATION_LEVEL = 0;
				GCC_PREPROCESSOR_DEFINITIONS = (
					"DEBUG=1",
					"$(inherited)",
				);
				GCC_WARN_64_TO_32_BIT_CONVERSION = YES;
				GCC_WARN_ABOUT_RETURN_TYPE = YES_ERROR;
				GCC_WARN_UNDECLARED_SELECTOR = YES;
				GCC_WARN_UNINITIALIZED_AUTOS = YES_AGGRESSIVE;
				GCC_WARN_UNUSED_FUNCTION = YES;
				GCC_WARN_UNUSED_VARIABLE = YES;
				IPHONEOS_DEPLOYMENT_TARGET = 12.2;
				MTL_ENABLE_DEBUG_INFO = INCLUDE_SOURCE;
				MTL_FAST_MATH = YES;
				ONLY_ACTIVE_ARCH = YES;
				SDKROOT = iphoneos;
				SWIFT_ACTIVE_COMPILATION_CONDITIONS = DEBUG;
				SWIFT_OPTIMIZATION_LEVEL = "-Onone";
			};
			name = Debug;
		};
		44CBCB7A228DDAEE00F691DC /* Release */ = {
			isa = XCBuildConfiguration;
			buildSettings = {
				ALWAYS_SEARCH_USER_PATHS = NO;
				CLANG_ANALYZER_NONNULL = YES;
				CLANG_ANALYZER_NUMBER_OBJECT_CONVERSION = YES_AGGRESSIVE;
				CLANG_CXX_LANGUAGE_STANDARD = "gnu++14";
				CLANG_CXX_LIBRARY = "libc++";
				CLANG_ENABLE_MODULES = YES;
				CLANG_ENABLE_OBJC_ARC = YES;
				CLANG_ENABLE_OBJC_WEAK = YES;
				CLANG_WARN_BLOCK_CAPTURE_AUTORELEASING = YES;
				CLANG_WARN_BOOL_CONVERSION = YES;
				CLANG_WARN_COMMA = YES;
				CLANG_WARN_CONSTANT_CONVERSION = YES;
				CLANG_WARN_DEPRECATED_OBJC_IMPLEMENTATIONS = YES;
				CLANG_WARN_DIRECT_OBJC_ISA_USAGE = YES_ERROR;
				CLANG_WARN_DOCUMENTATION_COMMENTS = YES;
				CLANG_WARN_EMPTY_BODY = YES;
				CLANG_WARN_ENUM_CONVERSION = YES;
				CLANG_WARN_INFINITE_RECURSION = YES;
				CLANG_WARN_INT_CONVERSION = YES;
				CLANG_WARN_NON_LITERAL_NULL_CONVERSION = YES;
				CLANG_WARN_OBJC_IMPLICIT_RETAIN_SELF = YES;
				CLANG_WARN_OBJC_LITERAL_CONVERSION = YES;
				CLANG_WARN_OBJC_ROOT_CLASS = YES_ERROR;
				CLANG_WARN_RANGE_LOOP_ANALYSIS = YES;
				CLANG_WARN_STRICT_PROTOTYPES = YES;
				CLANG_WARN_SUSPICIOUS_MOVE = YES;
				CLANG_WARN_UNGUARDED_AVAILABILITY = YES_AGGRESSIVE;
				CLANG_WARN_UNREACHABLE_CODE = YES;
				CLANG_WARN__DUPLICATE_METHOD_MATCH = YES;
				CODE_SIGN_IDENTITY = "iPhone Developer";
				COPY_PHASE_STRIP = NO;
				DEBUG_INFORMATION_FORMAT = "dwarf-with-dsym";
				ENABLE_NS_ASSERTIONS = NO;
				ENABLE_STRICT_OBJC_MSGSEND = YES;
				GCC_C_LANGUAGE_STANDARD = gnu11;
				GCC_NO_COMMON_BLOCKS = YES;
				GCC_WARN_64_TO_32_BIT_CONVERSION = YES;
				GCC_WARN_ABOUT_RETURN_TYPE = YES_ERROR;
				GCC_WARN_UNDECLARED_SELECTOR = YES;
				GCC_WARN_UNINITIALIZED_AUTOS = YES_AGGRESSIVE;
				GCC_WARN_UNUSED_FUNCTION = YES;
				GCC_WARN_UNUSED_VARIABLE = YES;
				IPHONEOS_DEPLOYMENT_TARGET = 12.2;
				MTL_ENABLE_DEBUG_INFO = NO;
				MTL_FAST_MATH = YES;
				SDKROOT = iphoneos;
				SWIFT_COMPILATION_MODE = wholemodule;
				SWIFT_OPTIMIZATION_LEVEL = "-O";
				VALIDATE_PRODUCT = YES;
			};
			name = Release;
		};
		44CBCB7C228DDAEE00F691DC /* Debug */ = {
			isa = XCBuildConfiguration;
			baseConfigurationReference = 7C90C6E3313FC55387D6E779 /* Pods-Logos.debug.xcconfig */;
			buildSettings = {
				ASSETCATALOG_COMPILER_APPICON_NAME = AppIcon;
				CODE_SIGN_STYLE = Automatic;
				INFOPLIST_FILE = Logos/Info.plist;
				LD_RUNPATH_SEARCH_PATHS = (
					"$(inherited)",
					"@executable_path/Frameworks",
				);
				PRODUCT_BUNDLE_IDENTIFIER = com.almatarm.Logos;
				PRODUCT_NAME = "$(TARGET_NAME)";
				SWIFT_VERSION = 5.0;
				TARGETED_DEVICE_FAMILY = "1,2";
			};
			name = Debug;
		};
		44CBCB7D228DDAEE00F691DC /* Release */ = {
			isa = XCBuildConfiguration;
			baseConfigurationReference = 2FAA0D2C8DE51ED4379FE482 /* Pods-Logos.release.xcconfig */;
			buildSettings = {
				ASSETCATALOG_COMPILER_APPICON_NAME = AppIcon;
				CODE_SIGN_STYLE = Automatic;
				INFOPLIST_FILE = Logos/Info.plist;
				LD_RUNPATH_SEARCH_PATHS = (
					"$(inherited)",
					"@executable_path/Frameworks",
				);
				PRODUCT_BUNDLE_IDENTIFIER = com.almatarm.Logos;
				PRODUCT_NAME = "$(TARGET_NAME)";
				SWIFT_VERSION = 5.0;
				TARGETED_DEVICE_FAMILY = "1,2";
			};
			name = Release;
		};
/* End XCBuildConfiguration section */

/* Begin XCConfigurationList section */
		44CBCB64228DDAEB00F691DC /* Build configuration list for PBXProject "Logos" */ = {
			isa = XCConfigurationList;
			buildConfigurations = (
				44CBCB79228DDAEE00F691DC /* Debug */,
				44CBCB7A228DDAEE00F691DC /* Release */,
			);
			defaultConfigurationIsVisible = 0;
			defaultConfigurationName = Release;
		};
		44CBCB7B228DDAEE00F691DC /* Build configuration list for PBXNativeTarget "Logos" */ = {
			isa = XCConfigurationList;
			buildConfigurations = (
				44CBCB7C228DDAEE00F691DC /* Debug */,
				44CBCB7D228DDAEE00F691DC /* Release */,
			);
			defaultConfigurationIsVisible = 0;
			defaultConfigurationName = Release;
		};
/* End XCConfigurationList section */
	};
	rootObject = 44CBCB61228DDAEB00F691DC /* Project object */;
}
